
Microsoft Visual Studio Solution File, Format Version 12.00
# Visual Studio Version 17
VisualStudioVersion = 17.0.31903.59
MinimumVisualStudioVersion = 10.0.40219.1
Project("{FAE04EC0-301F-11D3-BF4B-00C04F79EFBC}") = "SatelliteAPI", "SatelliteAPI.csproj", "{CECF568E-5B8B-4E2D-B142-65D010EF8A7F}"
EndProject
Global
	GlobalSection(SolutionConfigurationPlatforms) = preSolution
		Debug|Any CPU = Debug|Any CPU
		Release|Any CPU = Release|Any CPU
	EndGlobalSection
	GlobalSection(ProjectConfigurationPlatforms) = postSolution
		{CECF568E-5B8B-4E2D-B142-65D010EF8A7F}.Debug|Any CPU.ActiveCfg = Debug|Any CPU
		{CECF568E-5B8B-4E2D-B142-65D010EF8A7F}.Debug|Any CPU.Build.0 = Debug|Any CPU
		{CECF568E-5B8B-4E2D-B142-65D010EF8A7F}.Release|Any CPU.ActiveCfg = Release|Any CPU
		{CECF568E-5B8B-4E2D-B142-65D010EF8A7F}.Release|Any CPU.Build.0 = Release|Any CPU
	EndGlobalSection
	GlobalSection(SolutionProperties) = preSolution
		HideSolutionNode = FALSE
	EndGlobalSection
	GlobalSection(ExtensibilityGlobals) = postSolution
		SolutionGuid = {98ECA772-AB27-4CC4-8DE4-64D386CF7789}
	EndGlobalSection
EndGlobal
